// !$*UTF8*$!
{
	archiveVersion = 1;
	classes = {
	};
	objectVersion = 46;
	objects = {

/* Begin PBXBuildFile section */
		5C50F56E1D317CFC00F0DDC8 /* main.cpp in Sources */ = {isa = PBXBuildFile; fileRef = 5C50F56D1D317CFC00F0DDC8 /* main.cpp */; };
		5C50F5731D317D6700F0DDC8 /* libglfw.3.2.dylib in Frameworks */ = {isa = PBXBuildFile; fileRef = 5C50F5721D317D6700F0DDC8 /* libglfw.3.2.dylib */; };
/* End PBXBuildFile section */

/* Begin PBXCopyFilesBuildPhase section */
		5C50F5681D317CFC00F0DDC8 /* CopyFiles */ = {
			isa = PBXCopyFilesBuildPhase;
			buildActionMask = 2147483647;
			dstPath = /usr/share/man/man1/;
			dstSubfolderSpec = 0;
			files = (
			);
			runOnlyForDeploymentPostprocessing = 1;
		};
/* End PBXCopyFilesBuildPhase section */

/* Begin PBXFileReference section */
		5C50F56A1D317CFC00F0DDC8 /* listGLFWmonitors */ = {isa = PBXFileReference; explicitFileType = "compiled.mach-o.executable"; includeInIndex = 0; path = listGLFWmonitors; sourceTree = BUILT_PRODUCTS_DIR; };
		5C50F56D1D317CFC00F0DDC8 /* main.cpp */ = {isa = PBXFileReference; lastKnownFileType = sourcecode.cpp.cpp; path = main.cpp; sourceTree = "<group>"; };
		5C50F5721D317D6700F0DDC8 /* libglfw.3.2.dylib */ = {isa = PBXFileReference; lastKnownFileType = "compiled.mach-o.dylib"; name = libglfw.3.2.dylib; path = libs/libglfw.3.2.dylib; sourceTree = "<group>"; };
/* End PBXFileReference section */

/* Begin PBXFrameworksBuildPhase section */
		5C50F5671D317CFC00F0DDC8 /* Frameworks */ = {
			isa = PBXFrameworksBuildPhase;
			buildActionMask = 2147483647;
			files = (
				5C50F5731D317D6700F0DDC8 /* libglfw.3.2.dylib in Frameworks */,
			);
			runOnlyForDeploymentPostprocessing = 0;
		};
/* End PBXFrameworksBuildPhase section */

/* Begin PBXGroup section */
		5C50F55F1D317CD900F0DDC8 = {
			isa = PBXGroup;
			children = (
				5C50F5721D317D6700F0DDC8 /* libglfw.3.2.dylib */,
				5C50F56C1D317CFC00F0DDC8 /* listGLFWmonitors */,
				5C50F56B1D317CFC00F0DDC8 /* Products */,
			);
			sourceTree = "<group>";
		};
		5C50F56B1D317CFC00F0DDC8 /* Products */ = {
			isa = PBXGroup;
			children = (
				5C50F56A1D317CFC00F0DDC8 /* listGLFWmonitors */,
			);
			name = Products;
			sourceTree = "<group>";
		};
		5C50F56C1D317CFC00F0DDC8 /* listGLFWmonitors */ = {
			isa = PBXGroup;
			children = (
				5C50F56D1D317CFC00F0DDC8 /* main.cpp */,
			);
			path = listGLFWmonitors;
			sourceTree = "<group>";
		};
/* End PBXGroup section */

/* Begin PBXNativeTarget section */
		5C50F5691D317CFC00F0DDC8 /* listGLFWmonitors */ = {
			isa = PBXNativeTarget;
			buildConfigurationList = 5C50F56F1D317CFC00F0DDC8 /* Build configuration list for PBXNativeTarget "listGLFWmonitors" */;
			buildPhases = (
				5C50F5661D317CFC00F0DDC8 /* Sources */,
				5C50F5671D317CFC00F0DDC8 /* Frameworks */,
				5C50F5681D317CFC00F0DDC8 /* CopyFiles */,
			);
			buildRules = (
			);
			dependencies = (
			);
			name = listGLFWmonitors;
			productName = listGLFWmonitors;
			productReference = 5C50F56A1D317CFC00F0DDC8 /* listGLFWmonitors */;
			productType = "com.apple.product-type.tool";
		};
/* End PBXNativeTarget section */

/* Begin PBXProject section */
		5C50F5601D317CD900F0DDC8 /* Project object */ = {
			isa = PBXProject;
			attributes = {
				LastUpgradeCheck = 0710;
				TargetAttributes = {
					5C50F5691D317CFC00F0DDC8 = {
						CreatedOnToolsVersion = 7.1;
					};
				};
			};
			buildConfigurationList = 5C50F5631D317CD900F0DDC8 /* Build configuration list for PBXProject "listGLFWmonitors" */;
			compatibilityVersion = "Xcode 3.2";
			developmentRegion = English;
			hasScannedForEncodings = 0;
			knownRegions = (
				en,
			);
			mainGroup = 5C50F55F1D317CD900F0DDC8;
			productRefGroup = 5C50F56B1D317CFC00F0DDC8 /* Products */;
			projectDirPath = "";
			projectRoot = "";
			targets = (
				5C50F5691D317CFC00F0DDC8 /* listGLFWmonitors */,
			);
		};
/* End PBXProject section */

/* Begin PBXSourcesBuildPhase section */
		5C50F5661D317CFC00F0DDC8 /* Sources */ = {
			isa = PBXSourcesBuildPhase;
			buildActionMask = 2147483647;
			files = (
				5C50F56E1D317CFC00F0DDC8 /* main.cpp in Sources */,
			);
			runOnlyForDeploymentPostprocessing = 0;
		};
/* End PBXSourcesBuildPhase section */

/* Begin XCBuildConfiguration section */
		5C50F5641D317CD900F0DDC8 /* Debug */ = {
			isa = XCBuildConfiguration;
			buildSettings = {
			};
			name = Debug;
		};
		5C50F5651D317CD900F0DDC8 /* Release */ = {
			isa = XCBuildConfiguration;
			buildSettings = {
			};
			name = Release;
		};
		5C50F5701D317CFC00F0DDC8 /* Debug */ = {
			isa = XCBuildConfiguration;
			buildSettings = {
				ALWAYS_SEARCH_USER_PATHS = NO;
				CLANG_CXX_LANGUAGE_STANDARD = "gnu++0x";
				CLANG_CXX_LIBRARY = "libc++";
				CLANG_ENABLE_MODULES = YES;
				CLANG_ENABLE_OBJC_ARC = YES;
				CLANG_WARN_BOOL_CONVERSION = YES;
				CLANG_WARN_CONSTANT_CONVERSION = YES;
				CLANG_WARN_DIRECT_OBJC_ISA_USAGE = YES_ERROR;
				CLANG_WARN_EMPTY_BODY = YES;
				CLANG_WARN_ENUM_CONVERSION = YES;
				CLANG_WARN_INT_CONVERSION = YES;
				CLANG_WARN_OBJC_ROOT_CLASS = YES_ERROR;
				CLANG_WARN_UNREACHABLE_CODE = YES;
				CLANG_WARN__DUPLICATE_METHOD_MATCH = YES;
				CODE_SIGN_IDENTITY = "-";
				COPY_PHASE_STRIP = NO;
				DEBUG_INFORMATION_FORMAT = dwarf;
				ENABLE_STRICT_OBJC_MSGSEND = YES;
				ENABLE_TESTABILITY = YES;
				GCC_C_LANGUAGE_STANDARD = gnu99;
				GCC_DYNAMIC_NO_PIC = NO;
				GCC_NO_COMMON_BLOCKS = YES;
				GCC_OPTIMIZATION_LEVEL = 0;
				GCC_PREPROCESSOR_DEFINITIONS = (
					"DEBUG=1",
					"$(inherited)",
				);
				GCC_WARN_64_TO_32_BIT_CONVERSION = YES;
				GCC_WARN_ABOUT_RETURN_TYPE = YES_ERROR;
				GCC_WARN_UNDECLARED_SELECTOR = YES;
				GCC_WARN_UNINITIALIZED_AUTOS = YES_AGGRESSIVE;
				GCC_WARN_UNUSED_FUNCTION = YES;
				GCC_WARN_UNUSED_VARIABLE = YES;
				HEADER_SEARCH_PATHS = include;
				LIBRARY_SEARCH_PATHS = (
					"$(inherited)",
					"$(PROJECT_DIR)/libs",
				);
				MACOSX_DEPLOYMENT_TARGET = 10.10;
				MTL_ENABLE_DEBUG_INFO = YES;
				ONLY_ACTIVE_ARCH = YES;
				PRODUCT_NAME = "$(TARGET_NAME)";
				SDKROOT = macosx;
			};
			name = Debug;
		};
		5C50F5711D317CFC00F0DDC8 /* Release */ = {
			isa = XCBuildConfiguration;
			buildSettings = {
				ALWAYS_SEARCH_USER_PATHS = NO;
				CLANG_CXX_LANGUAGE_STANDARD = "gnu++0x";
				CLANG_CXX_LIBRARY = "libc++";
				CLANG_ENABLE_MODULES = YES;
				CLANG_ENABLE_OBJC_ARC = YES;
				CLANG_WARN_BOOL_CONVERSION = YES;
				CLANG_WARN_CONSTANT_CONVERSION = YES;
				CLANG_WARN_DIRECT_OBJC_ISA_USAGE = YES_ERROR;
				CLANG_WARN_EMPTY_BODY = YES;
				CLANG_WARN_ENUM_CONVERSION = YES;
				CLANG_WARN_INT_CONVERSION = YES;
				CLANG_WARN_OBJC_ROOT_CLASS = YES_ERROR;
				CLANG_WARN_UNREACHABLE_CODE = YES;
				CLANG_WARN__DUPLICATE_METHOD_MATCH = YES;
				CODE_SIGN_IDENTITY = "-";
				COPY_PHASE_STRIP = NO;
				DEBUG_INFORMATION_FORMAT = "dwarf-with-dsym";
				ENABLE_NS_ASSERTIONS = NO;
				ENABLE_STRICT_OBJC_MSGSEND = YES;
				GCC_C_LANGUAGE_STANDARD = gnu99;
				GCC_NO_COMMON_BLOCKS = YES;
				GCC_WARN_64_TO_32_BIT_CONVERSION = YES;
				GCC_WARN_ABOUT_RETURN_TYPE = YES_ERROR;
				GCC_WARN_UNDECLARED_SELECTOR = YES;
				GCC_WARN_UNINITIALIZED_AUTOS = YES_AGGRESSIVE;
				GCC_WARN_UNUSED_FUNCTION = YES;
				GCC_WARN_UNUSED_VARIABLE = YES;
				HEADER_SEARCH_PATHS = include;
				LIBRARY_SEARCH_PATHS = (
					"$(inherited)",
					"$(PROJECT_DIR)/libs",
				);
				MACOSX_DEPLOYMENT_TARGET = 10.10;
				MTL_ENABLE_DEBUG_INFO = NO;
				PRODUCT_NAME = "$(TARGET_NAME)";
				SDKROOT = macosx;
			};
			name = Release;
		};
/* End XCBuildConfiguration section */

/* Begin XCConfigurationList section */
		5C50F5631D317CD900F0DDC8 /* Build configuration list for PBXProject "listGLFWmonitors" */ = {
			isa = XCConfigurationList;
			buildConfigurations = (
				5C50F5641D317CD900F0DDC8 /* Debug */,
				5C50F5651D317CD900F0DDC8 /* Release */,
			);
			defaultConfigurationIsVisible = 0;
			defaultConfigurationName = Release;
		};
		5C50F56F1D317CFC00F0DDC8 /* Build configuration list for PBXNativeTarget "listGLFWmonitors" */ = {
			isa = XCConfigurationList;
			buildConfigurations = (
				5C50F5701D317CFC00F0DDC8 /* Debug */,
				5C50F5711D317CFC00F0DDC8 /* Release */,
			);
			defaultConfigurationIsVisible = 0;
			defaultConfigurationName = Release;
		};
/* End XCConfigurationList section */
	};
	rootObject = 5C50F5601D317CD900F0DDC8 /* Project object */;
}
