// !$*UTF8*$!
{
	archiveVersion = 1;
	classes = {
	};
	objectVersion = 46;
	objects = {

/* Begin PBXGroup section */
		5C50F55F1D317CD900F0DDC8 = {
			isa = PBXGroup;
			children = (
			);
			sourceTree = "<group>";
		};
/* End PBXGroup section */

/* Begin PBXProject section */
		5C50F5601D317CD900F0DDC8 /* Project object */ = {
			isa = PBXProject;
			attributes = {
				LastUpgradeCheck = 0710;
			};
			buildConfigurationList = 5C50F5631D317CD900F0DDC8 /* Build configuration list for PBXProject "listGLFWmonitors" */;
			compatibilityVersion = "Xcode 3.2";
			developmentRegion = English;
			hasScannedForEncodings = 0;
			knownRegions = (
				en,
			);
			mainGroup = 5C50F55F1D317CD900F0DDC8;
			projectDirPath = "";
			projectRoot = "";
			targets = (
			);
		};
/* End PBXProject section */

/* Begin XCBuildConfiguration section */
		5C50F5641D317CD900F0DDC8 /* Debug */ = {
			isa = XCBuildConfiguration;
			buildSettings = {
			};
			name = Debug;
		};
		5C50F5651D317CD900F0DDC8 /* Release */ = {
			isa = XCBuildConfiguration;
			buildSettings = {
			};
			name = Release;
		};
/* End XCBuildConfiguration section */

/* Begin XCConfigurationList section */
		5C50F5631D317CD900F0DDC8 /* Build configuration list for PBXProject "listGLFWmonitors" */ = {
			isa = XCConfigurationList;
			buildConfigurations = (
				5C50F5641D317CD900F0DDC8 /* Debug */,
				5C50F5651D317CD900F0DDC8 /* Release */,
			);
			defaultConfigurationIsVisible = 0;
			defaultConfigurationName = Release;
		};
/* End XCConfigurationList section */
	};
	rootObject = 5C50F5601D317CD900F0DDC8 /* Project object */;
}
